
Microsoft Visual Studio Solution File, Format Version 12.00
# Visual Studio Version 17
VisualStudioVersion = 17.0.32014.148
MinimumVisualStudioVersion = 10.0.40219.1
Project("{FAE04EC0-301F-11D3-BF4B-00C04F79EFBC}") = "Ev Tapsirigi 2 -- Task 8", "Ev Tapsirigi 2 -- Task 8\Ev Tapsirigi 2 -- Task 8.csproj", "{2BDC2DB3-1694-4406-9DE6-400E33161CDE}"
EndProject
Global
	GlobalSection(SolutionConfigurationPlatforms) = preSolution
		Debug|Any CPU = Debug|Any CPU
		Release|Any CPU = Release|Any CPU
	EndGlobalSection
	GlobalSection(ProjectConfigurationPlatforms) = postSolution
		{2BDC2DB3-1694-4406-9DE6-400E33161CDE}.Debug|Any CPU.ActiveCfg = Debug|Any CPU
		{2BDC2DB3-1694-4406-9DE6-400E33161CDE}.Debug|Any CPU.Build.0 = Debug|Any CPU
		{2BDC2DB3-1694-4406-9DE6-400E33161CDE}.Release|Any CPU.ActiveCfg = Release|Any CPU
		{2BDC2DB3-1694-4406-9DE6-400E33161CDE}.Release|Any CPU.Build.0 = Release|Any CPU
	EndGlobalSection
	GlobalSection(SolutionProperties) = preSolution
		HideSolutionNode = FALSE
	EndGlobalSection
	GlobalSection(ExtensibilityGlobals) = postSolution
		SolutionGuid = {FE036253-5748-4039-9A6A-9940030AC4C0}
	EndGlobalSection
EndGlobal
