
Microsoft Visual Studio Solution File, Format Version 12.00
# Visual Studio Version 17
VisualStudioVersion = 17.0.32014.148
MinimumVisualStudioVersion = 10.0.40219.1
Project("{FAE04EC0-301F-11D3-BF4B-00C04F79EFBC}") = "Ev Tapsirigi 2 -- Task15", "Ev Tapsirigi 2 -- Task15\Ev Tapsirigi 2 -- Task15.csproj", "{7E61D9F4-0B33-4B5E-861E-CC895E1AF2FE}"
EndProject
Global
	GlobalSection(SolutionConfigurationPlatforms) = preSolution
		Debug|Any CPU = Debug|Any CPU
		Release|Any CPU = Release|Any CPU
	EndGlobalSection
	GlobalSection(ProjectConfigurationPlatforms) = postSolution
		{7E61D9F4-0B33-4B5E-861E-CC895E1AF2FE}.Debug|Any CPU.ActiveCfg = Debug|Any CPU
		{7E61D9F4-0B33-4B5E-861E-CC895E1AF2FE}.Debug|Any CPU.Build.0 = Debug|Any CPU
		{7E61D9F4-0B33-4B5E-861E-CC895E1AF2FE}.Release|Any CPU.ActiveCfg = Release|Any CPU
		{7E61D9F4-0B33-4B5E-861E-CC895E1AF2FE}.Release|Any CPU.Build.0 = Release|Any CPU
	EndGlobalSection
	GlobalSection(SolutionProperties) = preSolution
		HideSolutionNode = FALSE
	EndGlobalSection
	GlobalSection(ExtensibilityGlobals) = postSolution
		SolutionGuid = {E09189F4-FFB9-4236-A86A-ABFC39987E66}
	EndGlobalSection
EndGlobal
